
Microsoft Visual Studio Solution File, Format Version 12.00
# Visual Studio 2013
VisualStudioVersion = 12.0.0.0
MinimumVisualStudioVersion = 10.0.0.1
Project("{2150E333-8FDC-42A3-9474-1A3956D46DE8}") = "src", "src", "{BBA88127-E964-409C-B9D1-0B1097744A64}"
EndProject
Project("{2150E333-8FDC-42A3-9474-1A3956D46DE8}") = "Services", "Services", "{2ADA3CF1-D77F-4246-BF5D-13AAB101A7BB}"
EndProject
Project("{2150E333-8FDC-42A3-9474-1A3956D46DE8}") = "Meters", "Meters", "{36E8E71B-E3D0-41A6-81D7-006B44D0F458}"
EndProject
Project("{2150E333-8FDC-42A3-9474-1A3956D46DE8}") = "MeterReads", "MeterReads", "{FCF467D2-6037-4C4E-A723-884FF1B69499}"
EndProject
Project("{2150E333-8FDC-42A3-9474-1A3956D46DE8}") = "Customers", "Customers", "{750105F8-75F7-4BD9-91F5-0BCB34720E64}"
EndProject
Project("{2150E333-8FDC-42A3-9474-1A3956D46DE8}") = "DbMigrations", "DbMigrations", "{F7A80862-8CE1-4AB8-92C7-2E63B4FCBE9D}"
EndProject
Project("{FAE04EC0-301F-11D3-BF4B-00C04F79EFBC}") = "DTL.MRA.Data", "DTL.MRA.Data\DTL.MRA.Data.csproj", "{B6A7BAA0-E0A2-431F-820F-A3060E532C27}"
EndProject
Project("{FAE04EC0-301F-11D3-BF4B-00C04F79EFBC}") = "DTL.MRA.Customers.API", "DTL.MRA.Customers.API\DTL.MRA.Customers.API.csproj", "{CE884C67-23E5-4F9D-81AA-CE1B0EB7854B}"
EndProject
Project("{FAE04EC0-301F-11D3-BF4B-00C04F79EFBC}") = "DTL.MRA.MeterReads.API", "DTL.MRA.MeterReads.API\DTL.MRA.MeterReads.API.csproj", "{B1EF1CE0-D120-4A45-9894-573E236C9F60}"
EndProject
Project("{FAE04EC0-301F-11D3-BF4B-00C04F79EFBC}") = "DTL.MRA.Meters.API", "DTL.MRA.Meters.API\DTL.MRA.Meters.API.csproj", "{BB86EAA0-4A0E-457F-870D-7CDFF83E279F}"
EndProject
Project("{E53339B2-1760-4266-BCC7-CA923CBCF16C}") = "docker-compose", "docker-compose.dcproj", "{9CF675E1-16CA-4628-B546-DD5A9A0A0FA7}"
EndProject
Global
	GlobalSection(SolutionConfigurationPlatforms) = preSolution
		Debug|Any CPU = Debug|Any CPU
		Release|Any CPU = Release|Any CPU
	EndGlobalSection
	GlobalSection(ProjectConfigurationPlatforms) = postSolution
		{B6A7BAA0-E0A2-431F-820F-A3060E532C27}.Debug|Any CPU.ActiveCfg = Debug|Any CPU
		{B6A7BAA0-E0A2-431F-820F-A3060E532C27}.Debug|Any CPU.Build.0 = Debug|Any CPU
		{B6A7BAA0-E0A2-431F-820F-A3060E532C27}.Release|Any CPU.ActiveCfg = Release|Any CPU
		{B6A7BAA0-E0A2-431F-820F-A3060E532C27}.Release|Any CPU.Build.0 = Release|Any CPU
		{CE884C67-23E5-4F9D-81AA-CE1B0EB7854B}.Debug|Any CPU.ActiveCfg = Debug|Any CPU
		{CE884C67-23E5-4F9D-81AA-CE1B0EB7854B}.Debug|Any CPU.Build.0 = Debug|Any CPU
		{CE884C67-23E5-4F9D-81AA-CE1B0EB7854B}.Release|Any CPU.ActiveCfg = Release|Any CPU
		{CE884C67-23E5-4F9D-81AA-CE1B0EB7854B}.Release|Any CPU.Build.0 = Release|Any CPU
		{B1EF1CE0-D120-4A45-9894-573E236C9F60}.Debug|Any CPU.ActiveCfg = Debug|Any CPU
		{B1EF1CE0-D120-4A45-9894-573E236C9F60}.Debug|Any CPU.Build.0 = Debug|Any CPU
		{B1EF1CE0-D120-4A45-9894-573E236C9F60}.Release|Any CPU.ActiveCfg = Release|Any CPU
		{B1EF1CE0-D120-4A45-9894-573E236C9F60}.Release|Any CPU.Build.0 = Release|Any CPU
		{BB86EAA0-4A0E-457F-870D-7CDFF83E279F}.Debug|Any CPU.ActiveCfg = Debug|Any CPU
		{BB86EAA0-4A0E-457F-870D-7CDFF83E279F}.Debug|Any CPU.Build.0 = Debug|Any CPU
		{BB86EAA0-4A0E-457F-870D-7CDFF83E279F}.Release|Any CPU.ActiveCfg = Release|Any CPU
		{BB86EAA0-4A0E-457F-870D-7CDFF83E279F}.Release|Any CPU.Build.0 = Release|Any CPU
		{9CF675E1-16CA-4628-B546-DD5A9A0A0FA7}.Debug|Any CPU.ActiveCfg = Debug|Any CPU
		{9CF675E1-16CA-4628-B546-DD5A9A0A0FA7}.Debug|Any CPU.Build.0 = Debug|Any CPU
		{9CF675E1-16CA-4628-B546-DD5A9A0A0FA7}.Release|Any CPU.ActiveCfg = Release|Any CPU
		{9CF675E1-16CA-4628-B546-DD5A9A0A0FA7}.Release|Any CPU.Build.0 = Release|Any CPU
	EndGlobalSection
	GlobalSection(SolutionProperties) = preSolution
		HideSolutionNode = FALSE
	EndGlobalSection
	GlobalSection(NestedProjects) = preSolution
		{2ADA3CF1-D77F-4246-BF5D-13AAB101A7BB} = {BBA88127-E964-409C-B9D1-0B1097744A64}
		{36E8E71B-E3D0-41A6-81D7-006B44D0F458} = {2ADA3CF1-D77F-4246-BF5D-13AAB101A7BB}
		{FCF467D2-6037-4C4E-A723-884FF1B69499} = {2ADA3CF1-D77F-4246-BF5D-13AAB101A7BB}
		{750105F8-75F7-4BD9-91F5-0BCB34720E64} = {2ADA3CF1-D77F-4246-BF5D-13AAB101A7BB}
		{B6A7BAA0-E0A2-431F-820F-A3060E532C27} = {F7A80862-8CE1-4AB8-92C7-2E63B4FCBE9D}
		{CE884C67-23E5-4F9D-81AA-CE1B0EB7854B} = {750105F8-75F7-4BD9-91F5-0BCB34720E64}
		{B1EF1CE0-D120-4A45-9894-573E236C9F60} = {FCF467D2-6037-4C4E-A723-884FF1B69499}
		{BB86EAA0-4A0E-457F-870D-7CDFF83E279F} = {36E8E71B-E3D0-41A6-81D7-006B44D0F458}
	EndGlobalSection
EndGlobal
